
Microsoft Visual Studio Solution File, Format Version 12.00
# Visual Studio 2013
VisualStudioVersion = 12.0.21005.1
MinimumVisualStudioVersion = 10.0.40219.1
Project("{FAE04EC0-301F-11D3-BF4B-00C04F79EFBC}") = "Link11Checker", "LinkChecker\Link11Checker.csproj", "{493348D9-300A-42C2-911D-937478BA249A}"
EndProject
Project("{FAE04EC0-301F-11D3-BF4B-00C04F79EFBC}") = "Logger", "..\46report\Logger\Logger.csproj", "{550ED7CB-CB96-42AC-AAA3-9C2B0716DAE1}"
EndProject
Project("{FAE04EC0-301F-11D3-BF4B-00C04F79EFBC}") = "Link11.Core", "Link11.Core\Link11.Core.csproj", "{F4AFC6E5-9D48-4221-88F3-A9794749A6DE}"
EndProject
Global
	GlobalSection(SolutionConfigurationPlatforms) = preSolution
		Debug|Any CPU = Debug|Any CPU
		Release|Any CPU = Release|Any CPU
	EndGlobalSection
	GlobalSection(ProjectConfigurationPlatforms) = postSolution
		{493348D9-300A-42C2-911D-937478BA249A}.Debug|Any CPU.ActiveCfg = Debug|Any CPU
		{493348D9-300A-42C2-911D-937478BA249A}.Debug|Any CPU.Build.0 = Debug|Any CPU
		{493348D9-300A-42C2-911D-937478BA249A}.Release|Any CPU.ActiveCfg = Release|Any CPU
		{493348D9-300A-42C2-911D-937478BA249A}.Release|Any CPU.Build.0 = Release|Any CPU
		{550ED7CB-CB96-42AC-AAA3-9C2B0716DAE1}.Debug|Any CPU.ActiveCfg = Debug|Any CPU
		{550ED7CB-CB96-42AC-AAA3-9C2B0716DAE1}.Debug|Any CPU.Build.0 = Debug|Any CPU
		{550ED7CB-CB96-42AC-AAA3-9C2B0716DAE1}.Release|Any CPU.ActiveCfg = Release|Any CPU
		{550ED7CB-CB96-42AC-AAA3-9C2B0716DAE1}.Release|Any CPU.Build.0 = Release|Any CPU
		{F4AFC6E5-9D48-4221-88F3-A9794749A6DE}.Debug|Any CPU.ActiveCfg = Debug|Any CPU
		{F4AFC6E5-9D48-4221-88F3-A9794749A6DE}.Debug|Any CPU.Build.0 = Debug|Any CPU
		{F4AFC6E5-9D48-4221-88F3-A9794749A6DE}.Release|Any CPU.ActiveCfg = Release|Any CPU
		{F4AFC6E5-9D48-4221-88F3-A9794749A6DE}.Release|Any CPU.Build.0 = Release|Any CPU
	EndGlobalSection
	GlobalSection(SolutionProperties) = preSolution
		HideSolutionNode = FALSE
	EndGlobalSection
EndGlobal
